
Microsoft Visual Studio Solution File, Format Version 12.00
# Visual Studio Version 17
VisualStudioVersion = 17.14.37411.7
MinimumVisualStudioVersion = 10.0.40219.1
Project("{8BC9CEB8-8B4A-11D0-8D11-00A0C91BC942}") = "1_IterativeAlgorithms", "1_IterativeAlgorithms\1_IterativeAlgorithms.vcxproj", "{B188687C-2B59-4528-A26A-3F79F3DF9EAA}"
EndProject
Project("{8BC9CEB8-8B4A-11D0-8D11-00A0C91BC942}") = "CustomLib", "CustomLib\CustomLib.vcxproj", "{3478610B-0F02-41AF-9486-5740E4ACAFD6}"
EndProject
Project("{2150E333-8FDC-42A3-9474-1A3956D46DE8}") = "Library", "Library", "{02EA681E-C7D8-13C7-8484-4AC65E1B71E8}"
EndProject
Project("{2150E333-8FDC-42A3-9474-1A3956D46DE8}") = "Exercises", "Exercises", "{F92B419C-1FED-476A-BCA3-DC62642EA963}"
EndProject
Project("{2150E333-8FDC-42A3-9474-1A3956D46DE8}") = "Assignments", "Assignments", "{7ECD69E2-4AE8-4A1A-9F97-AF1AF3BE4980}"
EndProject
Project("{8BC9CEB8-8B4A-11D0-8D11-00A0C91BC942}") = "ArraysAndVectors", "ArraysAndVectors\ArraysAndVectors.vcxproj", "{0629CEC8-026B-4C99-AEB6-C9763BD44818}"
EndProject
Project("{8BC9CEB8-8B4A-11D0-8D11-00A0C91BC942}") = "Assignment1", "Assignment1\Assignment1.vcxproj", "{881D2DF1-C0E0-48BA-A8FC-1AF37C3680AA}"
EndProject
Project("{8BC9CEB8-8B4A-11D0-8D11-00A0C91BC942}") = "Week2Exercises", "Week2Exercises\Week2Exercises.vcxproj", "{13ECAA64-91EE-4708-9979-6F0521509E0C}"
EndProject
Project("{8BC9CEB8-8B4A-11D0-8D11-00A0C91BC942}") = "Week2sExercises", "Week2sExercises\Week2sExercises.vcxproj", "{ECA9EF77-763E-4C31-8A19-9A4DF29A4936}"
EndProject
Project("{8BC9CEB8-8B4A-11D0-8D11-00A0C91BC942}") = "Assignment2", "Assignment2\Assignment2.vcxproj", "{8CE63650-D169-4FEA-9836-09016F75C72C}"
EndProject
Project("{8BC9CEB8-8B4A-11D0-8D11-00A0C91BC942}") = "LinkedList", "LinkedList\LinkedList.vcxproj", "{0D25AD2C-1AEB-4A20-B183-08B2CC3479B4}"
EndProject
Global
	GlobalSection(SolutionConfigurationPlatforms) = preSolution
		Debug|x64 = Debug|x64
		Debug|x86 = Debug|x86
		Release|x64 = Release|x64
		Release|x86 = Release|x86
	EndGlobalSection
	GlobalSection(ProjectConfigurationPlatforms) = postSolution
		{B188687C-2B59-4528-A26A-3F79F3DF9EAA}.Debug|x64.ActiveCfg = Debug|x64
		{B188687C-2B59-4528-A26A-3F79F3DF9EAA}.Debug|x64.Build.0 = Debug|x64
		{B188687C-2B59-4528-A26A-3F79F3DF9EAA}.Debug|x86.ActiveCfg = Debug|Win32
		{B188687C-2B59-4528-A26A-3F79F3DF9EAA}.Debug|x86.Build.0 = Debug|Win32
		{B188687C-2B59-4528-A26A-3F79F3DF9EAA}.Release|x64.ActiveCfg = Release|x64
		{B188687C-2B59-4528-A26A-3F79F3DF9EAA}.Release|x64.Build.0 = Release|x64
		{B188687C-2B59-4528-A26A-3F79F3DF9EAA}.Release|x86.ActiveCfg = Release|Win32
		{B188687C-2B59-4528-A26A-3F79F3DF9EAA}.Release|x86.Build.0 = Release|Win32
		{3478610B-0F02-41AF-9486-5740E4ACAFD6}.Debug|x64.ActiveCfg = Debug|x64
		{3478610B-0F02-41AF-9486-5740E4ACAFD6}.Debug|x64.Build.0 = Debug|x64
		{3478610B-0F02-41AF-9486-5740E4ACAFD6}.Debug|x86.ActiveCfg = Debug|Win32
		{3478610B-0F02-41AF-9486-5740E4ACAFD6}.Debug|x86.Build.0 = Debug|Win32
		{3478610B-0F02-41AF-9486-5740E4ACAFD6}.Release|x64.ActiveCfg = Release|x64
		{3478610B-0F02-41AF-9486-5740E4ACAFD6}.Release|x64.Build.0 = Release|x64
		{3478610B-0F02-41AF-9486-5740E4ACAFD6}.Release|x86.ActiveCfg = Release|Win32
		{3478610B-0F02-41AF-9486-5740E4ACAFD6}.Release|x86.Build.0 = Release|Win32
		{0629CEC8-026B-4C99-AEB6-C9763BD44818}.Debug|x64.ActiveCfg = Debug|x64
		{0629CEC8-026B-4C99-AEB6-C9763BD44818}.Debug|x64.Build.0 = Debug|x64
		{0629CEC8-026B-4C99-AEB6-C9763BD44818}.Debug|x86.ActiveCfg = Debug|Win32
		{0629CEC8-026B-4C99-AEB6-C9763BD44818}.Debug|x86.Build.0 = Debug|Win32
		{0629CEC8-026B-4C99-AEB6-C9763BD44818}.Release|x64.ActiveCfg = Release|x64
		{0629CEC8-026B-4C99-AEB6-C9763BD44818}.Release|x64.Build.0 = Release|x64
		{0629CEC8-026B-4C99-AEB6-C9763BD44818}.Release|x86.ActiveCfg = Release|Win32
		{0629CEC8-026B-4C99-AEB6-C9763BD44818}.Release|x86.Build.0 = Release|Win32
		{881D2DF1-C0E0-48BA-A8FC-1AF37C3680AA}.Debug|x64.ActiveCfg = Debug|x64
		{881D2DF1-C0E0-48BA-A8FC-1AF37C3680AA}.Debug|x64.Build.0 = Debug|x64
		{881D2DF1-C0E0-48BA-A8FC-1AF37C3680AA}.Debug|x86.ActiveCfg = Debug|Win32
		{881D2DF1-C0E0-48BA-A8FC-1AF37C3680AA}.Debug|x86.Build.0 = Debug|Win32
		{881D2DF1-C0E0-48BA-A8FC-1AF37C3680AA}.Release|x64.ActiveCfg = Release|x64
		{881D2DF1-C0E0-48BA-A8FC-1AF37C3680AA}.Release|x64.Build.0 = Release|x64
		{881D2DF1-C0E0-48BA-A8FC-1AF37C3680AA}.Release|x86.ActiveCfg = Release|Win32
		{881D2DF1-C0E0-48BA-A8FC-1AF37C3680AA}.Release|x86.Build.0 = Release|Win32
		{13ECAA64-91EE-4708-9979-6F0521509E0C}.Debug|x64.ActiveCfg = Debug|x64
		{13ECAA64-91EE-4708-9979-6F0521509E0C}.Debug|x64.Build.0 = Debug|x64
		{13ECAA64-91EE-4708-9979-6F0521509E0C}.Debug|x86.ActiveCfg = Debug|Win32
		{13ECAA64-91EE-4708-9979-6F0521509E0C}.Debug|x86.Build.0 = Debug|Win32
		{13ECAA64-91EE-4708-9979-6F0521509E0C}.Release|x64.ActiveCfg = Release|x64
		{13ECAA64-91EE-4708-9979-6F0521509E0C}.Release|x64.Build.0 = Release|x64
		{13ECAA64-91EE-4708-9979-6F0521509E0C}.Release|x86.ActiveCfg = Release|Win32
		{13ECAA64-91EE-4708-9979-6F0521509E0C}.Release|x86.Build.0 = Release|Win32
		{ECA9EF77-763E-4C31-8A19-9A4DF29A4936}.Debug|x64.ActiveCfg = Debug|x64
		{ECA9EF77-763E-4C31-8A19-9A4DF29A4936}.Debug|x64.Build.0 = Debug|x64
		{ECA9EF77-763E-4C31-8A19-9A4DF29A4936}.Debug|x86.ActiveCfg = Debug|Win32
		{ECA9EF77-763E-4C31-8A19-9A4DF29A4936}.Debug|x86.Build.0 = Debug|Win32
		{ECA9EF77-763E-4C31-8A19-9A4DF29A4936}.Release|x64.ActiveCfg = Release|x64
		{ECA9EF77-763E-4C31-8A19-9A4DF29A4936}.Release|x64.Build.0 = Release|x64
		{ECA9EF77-763E-4C31-8A19-9A4DF29A4936}.Release|x86.ActiveCfg = Release|Win32
		{ECA9EF77-763E-4C31-8A19-9A4DF29A4936}.Release|x86.Build.0 = Release|Win32
		{8CE63650-D169-4FEA-9836-09016F75C72C}.Debug|x64.ActiveCfg = Debug|x64
		{8CE63650-D169-4FEA-9836-09016F75C72C}.Debug|x64.Build.0 = Debug|x64
		{8CE63650-D169-4FEA-9836-09016F75C72C}.Debug|x86.ActiveCfg = Debug|Win32
		{8CE63650-D169-4FEA-9836-09016F75C72C}.Debug|x86.Build.0 = Debug|Win32
		{8CE63650-D169-4FEA-9836-09016F75C72C}.Release|x64.ActiveCfg = Release|x64
		{8CE63650-D169-4FEA-9836-09016F75C72C}.Release|x64.Build.0 = Release|x64
		{8CE63650-D169-4FEA-9836-09016F75C72C}.Release|x86.ActiveCfg = Release|Win32
		{8CE63650-D169-4FEA-9836-09016F75C72C}.Release|x86.Build.0 = Release|Win32
		{0D25AD2C-1AEB-4A20-B183-08B2CC3479B4}.Debug|x64.ActiveCfg = Debug|x64
		{0D25AD2C-1AEB-4A20-B183-08B2CC3479B4}.Debug|x64.Build.0 = Debug|x64
		{0D25AD2C-1AEB-4A20-B183-08B2CC3479B4}.Debug|x86.ActiveCfg = Debug|Win32
		{0D25AD2C-1AEB-4A20-B183-08B2CC3479B4}.Debug|x86.Build.0 = Debug|Win32
		{0D25AD2C-1AEB-4A20-B183-08B2CC3479B4}.Release|x64.ActiveCfg = Release|x64
		{0D25AD2C-1AEB-4A20-B183-08B2CC3479B4}.Release|x64.Build.0 = Release|x64
		{0D25AD2C-1AEB-4A20-B183-08B2CC3479B4}.Release|x86.ActiveCfg = Release|Win32
		{0D25AD2C-1AEB-4A20-B183-08B2CC3479B4}.Release|x86.Build.0 = Release|Win32
	EndGlobalSection
	GlobalSection(SolutionProperties) = preSolution
		HideSolutionNode = FALSE
	EndGlobalSection
	GlobalSection(NestedProjects) = preSolution
		{B188687C-2B59-4528-A26A-3F79F3DF9EAA} = {F92B419C-1FED-476A-BCA3-DC62642EA963}
		{3478610B-0F02-41AF-9486-5740E4ACAFD6} = {02EA681E-C7D8-13C7-8484-4AC65E1B71E8}
		{0629CEC8-026B-4C99-AEB6-C9763BD44818} = {F92B419C-1FED-476A-BCA3-DC62642EA963}
		{881D2DF1-C0E0-48BA-A8FC-1AF37C3680AA} = {7ECD69E2-4AE8-4A1A-9F97-AF1AF3BE4980}
		{13ECAA64-91EE-4708-9979-6F0521509E0C} = {F92B419C-1FED-476A-BCA3-DC62642EA963}
		{ECA9EF77-763E-4C31-8A19-9A4DF29A4936} = {F92B419C-1FED-476A-BCA3-DC62642EA963}
		{8CE63650-D169-4FEA-9836-09016F75C72C} = {7ECD69E2-4AE8-4A1A-9F97-AF1AF3BE4980}
		{0D25AD2C-1AEB-4A20-B183-08B2CC3479B4} = {F92B419C-1FED-476A-BCA3-DC62642EA963}
	EndGlobalSection
	GlobalSection(ExtensibilityGlobals) = postSolution
		SolutionGuid = {D3A530F7-548E-4CF4-BDB1-BBADCEF0B131}
	EndGlobalSection
EndGlobal
